{
  "name": "@chint-cli-test/core",
  "version": "1.1.6",
  "lockfileVersion": 3,
  "requires": true,
  "packages": {
    "": {
      "name": "@chint-cli-test/core",
      "version": "1.1.6",
      "license": "ISC",
      "bin": {
        "chint-cli-test": "bin/index.js"
      }
    },
    "node_modules/.store/@chint-cli-test+get-npm-info@1.0.1/node_modules/@chint-cli-test/get-npm-info": {
      "version": "1.0.1",
      "extraneous": true,
      "license": "ISC"
    }
  }
}